
Microsoft Visual Studio Solution File, Format Version 12.00
# Visual Studio 15
VisualStudioVersion = 15.0.28010.2046
MinimumVisualStudioVersion = 10.0.40219.1
Project("{2150E333-8FDC-42A3-9474-1A3956D46DE8}") = "1_PresentationLayer", "1_PresentationLayer", "{4637E6A8-1B24-4EE2-8000-DFE0AB3161F1}"
EndProject
Project("{2150E333-8FDC-42A3-9474-1A3956D46DE8}") = "UserInterfaceWebApi", "UserInterfaceWebApi", "{63D75A58-678C-4E22-820A-BDEB68A33F95}"
EndProject
Project("{2150E333-8FDC-42A3-9474-1A3956D46DE8}") = "2_BusinessLayer", "2_BusinessLayer", "{31963279-E903-4D92-A88D-188666F7DA11}"
EndProject
Project("{FAE04EC0-301F-11D3-BF4B-00C04F79EFBC}") = "Nubimetrics.BusinessComponents", "BusinessComponents\Nubimetrics.BusinessComponents.csproj", "{CD5A5429-D6A0-4ACE-B948-FE9BCBD3291C}"
EndProject
Project("{2150E333-8FDC-42A3-9474-1A3956D46DE8}") = "3_DataLayer", "3_DataLayer", "{13BC57C2-DECC-45A9-B4AC-9EBB060D0CB6}"
EndProject
Project("{2150E333-8FDC-42A3-9474-1A3956D46DE8}") = "DataAccess", "DataAccess", "{EF9F0D93-97AA-4729-BA2C-DC89CFDC0119}"
EndProject
Project("{2150E333-8FDC-42A3-9474-1A3956D46DE8}") = "ServiceAgents", "ServiceAgents", "{0400198E-5B48-4A78-A68B-5FF2475AD6F9}"
EndProject
Project("{FAE04EC0-301F-11D3-BF4B-00C04F79EFBC}") = "Nubimetrics.DataAccess", "DataAccess\Nubimetrics.DataAccess.csproj", "{F1E042E7-8C5D-458A-87FB-574B37C47878}"
EndProject
Project("{2150E333-8FDC-42A3-9474-1A3956D46DE8}") = "BusinessComponents", "BusinessComponents", "{D0969212-3A81-49CD-A58A-F38003288A82}"
EndProject
Project("{2150E333-8FDC-42A3-9474-1A3956D46DE8}") = "Cross-Cutting", "Cross-Cutting", "{D8B7A806-B93F-4941-BC7B-8BA504535ED7}"
EndProject
Project("{FAE04EC0-301F-11D3-BF4B-00C04F79EFBC}") = "Nubimetrics.Entities", "Nubimetrics.Entities\Nubimetrics.Entities.csproj", "{1EF115F6-21FB-4A91-9560-2F4C3E0ACE45}"
EndProject
Project("{FAE04EC0-301F-11D3-BF4B-00C04F79EFBC}") = "Nubimetrics.MethodParameters", "Nubimetrics.MethodParameters\Nubimetrics.MethodParameters.csproj", "{60DB46A8-2F77-433A-8EB9-6FC3C462651B}"
EndProject
Project("{FAE04EC0-301F-11D3-BF4B-00C04F79EFBC}") = "Nubimetrics.Common", "Nubimetrics.Common\Nubimetrics.Common.csproj", "{C449EE0F-66EA-47BD-ABFC-84ED190F47EE}"
EndProject
Project("{2150E333-8FDC-42A3-9474-1A3956D46DE8}") = "Databases", "Databases", "{DDD0A643-8BF7-40D6-985A-7164E1A99D7C}"
EndProject
Project("{00D1A9C2-B5F0-4AF3-8072-F6C62B433612}") = "Nubimetrics", "Nubimetrics\Nubimetrics.sqlproj", "{299DDE7E-4C22-4291-A096-43702170099C}"
EndProject
Project("{FAE04EC0-301F-11D3-BF4B-00C04F79EFBC}") = "Nubimetrics.WSAdapter", "Nubimetrics.WSAdapter\Nubimetrics.WSAdapter.csproj", "{E568BDEC-3CDE-4C42-BF5A-994A7A762E82}"
EndProject
Project("{FAE04EC0-301F-11D3-BF4B-00C04F79EFBC}") = "Nubimetrics.WebApi", "Nubimetrics.WebApi\Nubimetrics.WebApi.csproj", "{AC235B4C-BEB4-4E57-8DDF-FB68F09E4019}"
EndProject
Global
	GlobalSection(SolutionConfigurationPlatforms) = preSolution
		Debug|Any CPU = Debug|Any CPU
		Release|Any CPU = Release|Any CPU
	EndGlobalSection
	GlobalSection(ProjectConfigurationPlatforms) = postSolution
		{CD5A5429-D6A0-4ACE-B948-FE9BCBD3291C}.Debug|Any CPU.ActiveCfg = Debug|Any CPU
		{CD5A5429-D6A0-4ACE-B948-FE9BCBD3291C}.Debug|Any CPU.Build.0 = Debug|Any CPU
		{CD5A5429-D6A0-4ACE-B948-FE9BCBD3291C}.Release|Any CPU.ActiveCfg = Release|Any CPU
		{CD5A5429-D6A0-4ACE-B948-FE9BCBD3291C}.Release|Any CPU.Build.0 = Release|Any CPU
		{F1E042E7-8C5D-458A-87FB-574B37C47878}.Debug|Any CPU.ActiveCfg = Debug|Any CPU
		{F1E042E7-8C5D-458A-87FB-574B37C47878}.Debug|Any CPU.Build.0 = Debug|Any CPU
		{F1E042E7-8C5D-458A-87FB-574B37C47878}.Release|Any CPU.ActiveCfg = Release|Any CPU
		{F1E042E7-8C5D-458A-87FB-574B37C47878}.Release|Any CPU.Build.0 = Release|Any CPU
		{1EF115F6-21FB-4A91-9560-2F4C3E0ACE45}.Debug|Any CPU.ActiveCfg = Debug|Any CPU
		{1EF115F6-21FB-4A91-9560-2F4C3E0ACE45}.Debug|Any CPU.Build.0 = Debug|Any CPU
		{1EF115F6-21FB-4A91-9560-2F4C3E0ACE45}.Release|Any CPU.ActiveCfg = Release|Any CPU
		{1EF115F6-21FB-4A91-9560-2F4C3E0ACE45}.Release|Any CPU.Build.0 = Release|Any CPU
		{60DB46A8-2F77-433A-8EB9-6FC3C462651B}.Debug|Any CPU.ActiveCfg = Debug|Any CPU
		{60DB46A8-2F77-433A-8EB9-6FC3C462651B}.Debug|Any CPU.Build.0 = Debug|Any CPU
		{60DB46A8-2F77-433A-8EB9-6FC3C462651B}.Release|Any CPU.ActiveCfg = Release|Any CPU
		{60DB46A8-2F77-433A-8EB9-6FC3C462651B}.Release|Any CPU.Build.0 = Release|Any CPU
		{C449EE0F-66EA-47BD-ABFC-84ED190F47EE}.Debug|Any CPU.ActiveCfg = Debug|Any CPU
		{C449EE0F-66EA-47BD-ABFC-84ED190F47EE}.Debug|Any CPU.Build.0 = Debug|Any CPU
		{C449EE0F-66EA-47BD-ABFC-84ED190F47EE}.Release|Any CPU.ActiveCfg = Release|Any CPU
		{C449EE0F-66EA-47BD-ABFC-84ED190F47EE}.Release|Any CPU.Build.0 = Release|Any CPU
		{299DDE7E-4C22-4291-A096-43702170099C}.Debug|Any CPU.ActiveCfg = Debug|Any CPU
		{299DDE7E-4C22-4291-A096-43702170099C}.Debug|Any CPU.Build.0 = Debug|Any CPU
		{299DDE7E-4C22-4291-A096-43702170099C}.Debug|Any CPU.Deploy.0 = Debug|Any CPU
		{299DDE7E-4C22-4291-A096-43702170099C}.Release|Any CPU.ActiveCfg = Release|Any CPU
		{299DDE7E-4C22-4291-A096-43702170099C}.Release|Any CPU.Build.0 = Release|Any CPU
		{299DDE7E-4C22-4291-A096-43702170099C}.Release|Any CPU.Deploy.0 = Release|Any CPU
		{E568BDEC-3CDE-4C42-BF5A-994A7A762E82}.Debug|Any CPU.ActiveCfg = Debug|Any CPU
		{E568BDEC-3CDE-4C42-BF5A-994A7A762E82}.Debug|Any CPU.Build.0 = Debug|Any CPU
		{E568BDEC-3CDE-4C42-BF5A-994A7A762E82}.Release|Any CPU.ActiveCfg = Release|Any CPU
		{E568BDEC-3CDE-4C42-BF5A-994A7A762E82}.Release|Any CPU.Build.0 = Release|Any CPU
		{AC235B4C-BEB4-4E57-8DDF-FB68F09E4019}.Debug|Any CPU.ActiveCfg = Debug|Any CPU
		{AC235B4C-BEB4-4E57-8DDF-FB68F09E4019}.Debug|Any CPU.Build.0 = Debug|Any CPU
		{AC235B4C-BEB4-4E57-8DDF-FB68F09E4019}.Release|Any CPU.ActiveCfg = Release|Any CPU
		{AC235B4C-BEB4-4E57-8DDF-FB68F09E4019}.Release|Any CPU.Build.0 = Release|Any CPU
	EndGlobalSection
	GlobalSection(SolutionProperties) = preSolution
		HideSolutionNode = FALSE
	EndGlobalSection
	GlobalSection(NestedProjects) = preSolution
		{63D75A58-678C-4E22-820A-BDEB68A33F95} = {4637E6A8-1B24-4EE2-8000-DFE0AB3161F1}
		{CD5A5429-D6A0-4ACE-B948-FE9BCBD3291C} = {D0969212-3A81-49CD-A58A-F38003288A82}
		{EF9F0D93-97AA-4729-BA2C-DC89CFDC0119} = {13BC57C2-DECC-45A9-B4AC-9EBB060D0CB6}
		{0400198E-5B48-4A78-A68B-5FF2475AD6F9} = {13BC57C2-DECC-45A9-B4AC-9EBB060D0CB6}
		{F1E042E7-8C5D-458A-87FB-574B37C47878} = {EF9F0D93-97AA-4729-BA2C-DC89CFDC0119}
		{D0969212-3A81-49CD-A58A-F38003288A82} = {31963279-E903-4D92-A88D-188666F7DA11}
		{1EF115F6-21FB-4A91-9560-2F4C3E0ACE45} = {D8B7A806-B93F-4941-BC7B-8BA504535ED7}
		{60DB46A8-2F77-433A-8EB9-6FC3C462651B} = {D8B7A806-B93F-4941-BC7B-8BA504535ED7}
		{C449EE0F-66EA-47BD-ABFC-84ED190F47EE} = {D8B7A806-B93F-4941-BC7B-8BA504535ED7}
		{299DDE7E-4C22-4291-A096-43702170099C} = {DDD0A643-8BF7-40D6-985A-7164E1A99D7C}
		{E568BDEC-3CDE-4C42-BF5A-994A7A762E82} = {0400198E-5B48-4A78-A68B-5FF2475AD6F9}
		{AC235B4C-BEB4-4E57-8DDF-FB68F09E4019} = {63D75A58-678C-4E22-820A-BDEB68A33F95}
	EndGlobalSection
	GlobalSection(ExtensibilityGlobals) = postSolution
		SolutionGuid = {6B7C5CF4-1360-4F48-821A-E18D0205403E}
	EndGlobalSection
EndGlobal
